
Microsoft Visual Studio Solution File, Format Version 12.00
# Visual Studio 2013
VisualStudioVersion = 12.0.31101.0
MinimumVisualStudioVersion = 10.0.40219.1
Project("{F184B08F-C81C-45F6-A57F-5ABD9991F28F}") = "TCPClientApp", "TCPClientApp\TCPClientApp.vbproj", "{CF51591C-393C-4CB7-9B33-A874725613ED}"
EndProject
Global
	GlobalSection(SolutionConfigurationPlatforms) = preSolution
		Debug|Any CPU = Debug|Any CPU
		Release|Any CPU = Release|Any CPU
	EndGlobalSection
	GlobalSection(ProjectConfigurationPlatforms) = postSolution
		{CF51591C-393C-4CB7-9B33-A874725613ED}.Debug|Any CPU.ActiveCfg = Debug|Any CPU
		{CF51591C-393C-4CB7-9B33-A874725613ED}.Debug|Any CPU.Build.0 = Debug|Any CPU
		{CF51591C-393C-4CB7-9B33-A874725613ED}.Release|Any CPU.ActiveCfg = Release|Any CPU
		{CF51591C-393C-4CB7-9B33-A874725613ED}.Release|Any CPU.Build.0 = Release|Any CPU
	EndGlobalSection
	GlobalSection(SolutionProperties) = preSolution
		HideSolutionNode = FALSE
	EndGlobalSection
EndGlobal
